// !$*UTF8*$!
{
	archiveVersion = 1;
	classes = {
	};
	objectVersion = 50;
	objects = {

/* Begin PBXBuildFile section */
		D3F6D98267FCB7C828E3E317 /* Pods_crackme.framework in Frameworks */ = {isa = PBXBuildFile; fileRef = B2C5D35E5DB7F8037DE7EC91 /* Pods_crackme.framework */; };
		FBA15B48256428BD005D5CFC /* main.swift in Sources */ = {isa = PBXBuildFile; fileRef = FBA15B47256428BD005D5CFC /* main.swift */; };
		FBAC4372256199E100599F45 /* AppDelegate.swift in Sources */ = {isa = PBXBuildFile; fileRef = FBAC4371256199E100599F45 /* AppDelegate.swift */; };
		FBAC4374256199E100599F45 /* ViewController.swift in Sources */ = {isa = PBXBuildFile; fileRef = FBAC4373256199E100599F45 /* ViewController.swift */; };
		FBAC4376256199E200599F45 /* Assets.xcassets in Resources */ = {isa = PBXBuildFile; fileRef = FBAC4375256199E200599F45 /* Assets.xcassets */; };
		FBAC4379256199E200599F45 /* Main.storyboard in Resources */ = {isa = PBXBuildFile; fileRef = FBAC4377256199E200599F45 /* Main.storyboard */; };
/* End PBXBuildFile section */

/* Begin PBXFileReference section */
		1A35313FBB541D53E1639D99 /* Pods-crackme.debug.xcconfig */ = {isa = PBXFileReference; includeInIndex = 1; lastKnownFileType = text.xcconfig; name = "Pods-crackme.debug.xcconfig"; path = "Target Support Files/Pods-crackme/Pods-crackme.debug.xcconfig"; sourceTree = "<group>"; };
		A39647A9AE42770757DC4ECC /* Pods-crackme.release.xcconfig */ = {isa = PBXFileReference; includeInIndex = 1; lastKnownFileType = text.xcconfig; name = "Pods-crackme.release.xcconfig"; path = "Target Support Files/Pods-crackme/Pods-crackme.release.xcconfig"; sourceTree = "<group>"; };
		B2C5D35E5DB7F8037DE7EC91 /* Pods_crackme.framework */ = {isa = PBXFileReference; explicitFileType = wrapper.framework; includeInIndex = 0; path = Pods_crackme.framework; sourceTree = BUILT_PRODUCTS_DIR; };
		FBA15B47256428BD005D5CFC /* main.swift */ = {isa = PBXFileReference; lastKnownFileType = sourcecode.swift; path = main.swift; sourceTree = "<group>"; };
		FBAC436E256199E100599F45 /* crackme.app */ = {isa = PBXFileReference; explicitFileType = wrapper.application; includeInIndex = 0; path = crackme.app; sourceTree = BUILT_PRODUCTS_DIR; };
		FBAC4371256199E100599F45 /* AppDelegate.swift */ = {isa = PBXFileReference; lastKnownFileType = sourcecode.swift; path = AppDelegate.swift; sourceTree = "<group>"; };
		FBAC4373256199E100599F45 /* ViewController.swift */ = {isa = PBXFileReference; lastKnownFileType = sourcecode.swift; path = ViewController.swift; sourceTree = "<group>"; };
		FBAC4375256199E200599F45 /* Assets.xcassets */ = {isa = PBXFileReference; lastKnownFileType = folder.assetcatalog; path = Assets.xcassets; sourceTree = "<group>"; };
		FBAC4378256199E200599F45 /* Base */ = {isa = PBXFileReference; lastKnownFileType = file.storyboard; name = Base; path = Base.lproj/Main.storyboard; sourceTree = "<group>"; };
		FBAC437A256199E200599F45 /* Info.plist */ = {isa = PBXFileReference; lastKnownFileType = text.plist.xml; path = Info.plist; sourceTree = "<group>"; };
		FBAC437B256199E200599F45 /* crackme.entitlements */ = {isa = PBXFileReference; lastKnownFileType = text.plist.entitlements; path = crackme.entitlements; sourceTree = "<group>"; };
/* End PBXFileReference section */

/* Begin PBXFrameworksBuildPhase section */
		FBAC436B256199E100599F45 /* Frameworks */ = {
			isa = PBXFrameworksBuildPhase;
			buildActionMask = 2147483647;
			files = (
				D3F6D98267FCB7C828E3E317 /* Pods_crackme.framework in Frameworks */,
			);
			runOnlyForDeploymentPostprocessing = 0;
		};
/* End PBXFrameworksBuildPhase section */

/* Begin PBXGroup section */
		0BE239EB157DC26945FB94C0 /* Pods */ = {
			isa = PBXGroup;
			children = (
				1A35313FBB541D53E1639D99 /* Pods-crackme.debug.xcconfig */,
				A39647A9AE42770757DC4ECC /* Pods-crackme.release.xcconfig */,
			);
			name = Pods;
			path = Pods;
			sourceTree = "<group>";
		};
		F21A1360C0180DF50A8A1530 /* Frameworks */ = {
			isa = PBXGroup;
			children = (
				B2C5D35E5DB7F8037DE7EC91 /* Pods_crackme.framework */,
			);
			name = Frameworks;
			sourceTree = "<group>";
		};
		FBAC4365256199E100599F45 = {
			isa = PBXGroup;
			children = (
				FBAC4370256199E100599F45 /* crackme */,
				FBAC436F256199E100599F45 /* Products */,
				0BE239EB157DC26945FB94C0 /* Pods */,
				F21A1360C0180DF50A8A1530 /* Frameworks */,
			);
			sourceTree = "<group>";
		};
		FBAC436F256199E100599F45 /* Products */ = {
			isa = PBXGroup;
			children = (
				FBAC436E256199E100599F45 /* crackme.app */,
			);
			name = Products;
			sourceTree = "<group>";
		};
		FBAC4370256199E100599F45 /* crackme */ = {
			isa = PBXGroup;
			children = (
				FBAC4371256199E100599F45 /* AppDelegate.swift */,
				FBAC4373256199E100599F45 /* ViewController.swift */,
				FBAC4375256199E200599F45 /* Assets.xcassets */,
				FBAC4377256199E200599F45 /* Main.storyboard */,
				FBAC437A256199E200599F45 /* Info.plist */,
				FBAC437B256199E200599F45 /* crackme.entitlements */,
				FBA15B47256428BD005D5CFC /* main.swift */,
			);
			path = crackme;
			sourceTree = "<group>";
		};
/* End PBXGroup section */

/* Begin PBXNativeTarget section */
		FBAC436D256199E100599F45 /* crackme */ = {
			isa = PBXNativeTarget;
			buildConfigurationList = FBAC437E256199E200599F45 /* Build configuration list for PBXNativeTarget "crackme" */;
			buildPhases = (
				7864A5BA4395CB1DD2010A3C /* [CP] Check Pods Manifest.lock */,
				FBAC436A256199E100599F45 /* Sources */,
				FBAC436B256199E100599F45 /* Frameworks */,
				FBAC436C256199E100599F45 /* Resources */,
				619B9066BAB07499AE4901F5 /* [CP] Embed Pods Frameworks */,
			);
			buildRules = (
			);
			dependencies = (
			);
			name = crackme;
			productName = crackme;
			productReference = FBAC436E256199E100599F45 /* crackme.app */;
			productType = "com.apple.product-type.application";
		};
/* End PBXNativeTarget section */

/* Begin PBXProject section */
		FBAC4366256199E100599F45 /* Project object */ = {
			isa = PBXProject;
			attributes = {
				LastSwiftUpdateCheck = 1030;
				LastUpgradeCheck = 1030;
				ORGANIZATIONNAME = km7;
				TargetAttributes = {
					FBAC436D256199E100599F45 = {
						CreatedOnToolsVersion = 10.3;
					};
				};
			};
			buildConfigurationList = FBAC4369256199E100599F45 /* Build configuration list for PBXProject "crackme" */;
			compatibilityVersion = "Xcode 9.3";
			developmentRegion = en;
			hasScannedForEncodings = 0;
			knownRegions = (
				en,
				Base,
			);
			mainGroup = FBAC4365256199E100599F45;
			productRefGroup = FBAC436F256199E100599F45 /* Products */;
			projectDirPath = "";
			projectRoot = "";
			targets = (
				FBAC436D256199E100599F45 /* crackme */,
			);
		};
/* End PBXProject section */

/* Begin PBXResourcesBuildPhase section */
		FBAC436C256199E100599F45 /* Resources */ = {
			isa = PBXResourcesBuildPhase;
			buildActionMask = 2147483647;
			files = (
				FBAC4376256199E200599F45 /* Assets.xcassets in Resources */,
				FBAC4379256199E200599F45 /* Main.storyboard in Resources */,
			);
			runOnlyForDeploymentPostprocessing = 0;
		};
/* End PBXResourcesBuildPhase section */

/* Begin PBXShellScriptBuildPhase section */
		619B9066BAB07499AE4901F5 /* [CP] Embed Pods Frameworks */ = {
			isa = PBXShellScriptBuildPhase;
			buildActionMask = 2147483647;
			files = (
			);
			inputFileListPaths = (
				"${PODS_ROOT}/Target Support Files/Pods-crackme/Pods-crackme-frameworks-${CONFIGURATION}-input-files.xcfilelist",
			);
			name = "[CP] Embed Pods Frameworks";
			outputFileListPaths = (
				"${PODS_ROOT}/Target Support Files/Pods-crackme/Pods-crackme-frameworks-${CONFIGURATION}-output-files.xcfilelist",
			);
			runOnlyForDeploymentPostprocessing = 0;
			shellPath = /bin/sh;
			shellScript = "\"${PODS_ROOT}/Target Support Files/Pods-crackme/Pods-crackme-frameworks.sh\"\n";
			showEnvVarsInLog = 0;
		};
		7864A5BA4395CB1DD2010A3C /* [CP] Check Pods Manifest.lock */ = {
			isa = PBXShellScriptBuildPhase;
			buildActionMask = 2147483647;
			files = (
			);
			inputFileListPaths = (
			);
			inputPaths = (
				"${PODS_PODFILE_DIR_PATH}/Podfile.lock",
				"${PODS_ROOT}/Manifest.lock",
			);
			name = "[CP] Check Pods Manifest.lock";
			outputFileListPaths = (
			);
			outputPaths = (
				"$(DERIVED_FILE_DIR)/Pods-crackme-checkManifestLockResult.txt",
			);
			runOnlyForDeploymentPostprocessing = 0;
			shellPath = /bin/sh;
			shellScript = "diff \"${PODS_PODFILE_DIR_PATH}/Podfile.lock\" \"${PODS_ROOT}/Manifest.lock\" > /dev/null\nif [ $? != 0 ] ; then\n    # print error to STDERR\n    echo \"error: The sandbox is not in sync with the Podfile.lock. Run 'pod install' or update your CocoaPods installation.\" >&2\n    exit 1\nfi\n# This output is used by Xcode 'outputs' to avoid re-running this script phase.\necho \"SUCCESS\" > \"${SCRIPT_OUTPUT_FILE_0}\"\n";
			showEnvVarsInLog = 0;
		};
/* End PBXShellScriptBuildPhase section */

/* Begin PBXSourcesBuildPhase section */
		FBAC436A256199E100599F45 /* Sources */ = {
			isa = PBXSourcesBuildPhase;
			buildActionMask = 2147483647;
			files = (
				FBA15B48256428BD005D5CFC /* main.swift in Sources */,
				FBAC4374256199E100599F45 /* ViewController.swift in Sources */,
				FBAC4372256199E100599F45 /* AppDelegate.swift in Sources */,
			);
			runOnlyForDeploymentPostprocessing = 0;
		};
/* End PBXSourcesBuildPhase section */

/* Begin PBXVariantGroup section */
		FBAC4377256199E200599F45 /* Main.storyboard */ = {
			isa = PBXVariantGroup;
			children = (
				FBAC4378256199E200599F45 /* Base */,
			);
			name = Main.storyboard;
			sourceTree = "<group>";
		};
/* End PBXVariantGroup section */

/* Begin XCBuildConfiguration section */
		FBAC437C256199E200599F45 /* Debug */ = {
			isa = XCBuildConfiguration;
			buildSettings = {
				ALWAYS_SEARCH_USER_PATHS = NO;
				CLANG_ANALYZER_NONNULL = YES;
				CLANG_ANALYZER_NUMBER_OBJECT_CONVERSION = YES_AGGRESSIVE;
				CLANG_CXX_LANGUAGE_STANDARD = "gnu++14";
				CLANG_CXX_LIBRARY = "libc++";
				CLANG_ENABLE_MODULES = YES;
				CLANG_ENABLE_OBJC_ARC = YES;
				CLANG_ENABLE_OBJC_WEAK = YES;
				CLANG_WARN_BLOCK_CAPTURE_AUTORELEASING = YES;
				CLANG_WARN_BOOL_CONVERSION = YES;
				CLANG_WARN_COMMA = YES;
				CLANG_WARN_CONSTANT_CONVERSION = YES;
				CLANG_WARN_DEPRECATED_OBJC_IMPLEMENTATIONS = YES;
				CLANG_WARN_DIRECT_OBJC_ISA_USAGE = YES_ERROR;
				CLANG_WARN_DOCUMENTATION_COMMENTS = YES;
				CLANG_WARN_EMPTY_BODY = YES;
				CLANG_WARN_ENUM_CONVERSION = YES;
				CLANG_WARN_INFINITE_RECURSION = YES;
				CLANG_WARN_INT_CONVERSION = YES;
				CLANG_WARN_NON_LITERAL_NULL_CONVERSION = YES;
				CLANG_WARN_OBJC_IMPLICIT_RETAIN_SELF = YES;
				CLANG_WARN_OBJC_LITERAL_CONVERSION = YES;
				CLANG_WARN_OBJC_ROOT_CLASS = YES_ERROR;
				CLANG_WARN_RANGE_LOOP_ANALYSIS = YES;
				CLANG_WARN_STRICT_PROTOTYPES = YES;
				CLANG_WARN_SUSPICIOUS_MOVE = YES;
				CLANG_WARN_UNGUARDED_AVAILABILITY = YES_AGGRESSIVE;
				CLANG_WARN_UNREACHABLE_CODE = YES;
				CLANG_WARN__DUPLICATE_METHOD_MATCH = YES;
				CODE_SIGN_IDENTITY = "-";
				COPY_PHASE_STRIP = NO;
				DEBUG_INFORMATION_FORMAT = dwarf;
				ENABLE_STRICT_OBJC_MSGSEND = YES;
				ENABLE_TESTABILITY = YES;
				GCC_C_LANGUAGE_STANDARD = gnu11;
				GCC_DYNAMIC_NO_PIC = NO;
				GCC_NO_COMMON_BLOCKS = YES;
				GCC_OPTIMIZATION_LEVEL = 0;
				GCC_PREPROCESSOR_DEFINITIONS = (
					"DEBUG=1",
					"$(inherited)",
				);
				GCC_WARN_64_TO_32_BIT_CONVERSION = YES;
				GCC_WARN_ABOUT_RETURN_TYPE = YES_ERROR;
				GCC_WARN_UNDECLARED_SELECTOR = YES;
				GCC_WARN_UNINITIALIZED_AUTOS = YES_AGGRESSIVE;
				GCC_WARN_UNUSED_FUNCTION = YES;
				GCC_WARN_UNUSED_VARIABLE = YES;
				MACOSX_DEPLOYMENT_TARGET = 10.14;
				MTL_ENABLE_DEBUG_INFO = INCLUDE_SOURCE;
				MTL_FAST_MATH = YES;
				ONLY_ACTIVE_ARCH = YES;
				SDKROOT = macosx;
				SWIFT_ACTIVE_COMPILATION_CONDITIONS = DEBUG;
				SWIFT_OPTIMIZATION_LEVEL = "-Onone";
			};
			name = Debug;
		};
		FBAC437D256199E200599F45 /* Release */ = {
			isa = XCBuildConfiguration;
			buildSettings = {
				ALWAYS_SEARCH_USER_PATHS = NO;
				CLANG_ANALYZER_NONNULL = YES;
				CLANG_ANALYZER_NUMBER_OBJECT_CONVERSION = YES_AGGRESSIVE;
				CLANG_CXX_LANGUAGE_STANDARD = "gnu++14";
				CLANG_CXX_LIBRARY = "libc++";
				CLANG_ENABLE_MODULES = YES;
				CLANG_ENABLE_OBJC_ARC = YES;
				CLANG_ENABLE_OBJC_WEAK = YES;
				CLANG_WARN_BLOCK_CAPTURE_AUTORELEASING = YES;
				CLANG_WARN_BOOL_CONVERSION = YES;
				CLANG_WARN_COMMA = YES;
				CLANG_WARN_CONSTANT_CONVERSION = YES;
				CLANG_WARN_DEPRECATED_OBJC_IMPLEMENTATIONS = YES;
				CLANG_WARN_DIRECT_OBJC_ISA_USAGE = YES_ERROR;
				CLANG_WARN_DOCUMENTATION_COMMENTS = YES;
				CLANG_WARN_EMPTY_BODY = YES;
				CLANG_WARN_ENUM_CONVERSION = YES;
				CLANG_WARN_INFINITE_RECURSION = YES;
				CLANG_WARN_INT_CONVERSION = YES;
				CLANG_WARN_NON_LITERAL_NULL_CONVERSION = YES;
				CLANG_WARN_OBJC_IMPLICIT_RETAIN_SELF = YES;
				CLANG_WARN_OBJC_LITERAL_CONVERSION = YES;
				CLANG_WARN_OBJC_ROOT_CLASS = YES_ERROR;
				CLANG_WARN_RANGE_LOOP_ANALYSIS = YES;
				CLANG_WARN_STRICT_PROTOTYPES = YES;
				CLANG_WARN_SUSPICIOUS_MOVE = YES;
				CLANG_WARN_UNGUARDED_AVAILABILITY = YES_AGGRESSIVE;
				CLANG_WARN_UNREACHABLE_CODE = YES;
				CLANG_WARN__DUPLICATE_METHOD_MATCH = YES;
				CODE_SIGN_IDENTITY = "-";
				COPY_PHASE_STRIP = NO;
				DEBUG_INFORMATION_FORMAT = "dwarf-with-dsym";
				ENABLE_NS_ASSERTIONS = NO;
				ENABLE_STRICT_OBJC_MSGSEND = YES;
				GCC_C_LANGUAGE_STANDARD = gnu11;
				GCC_NO_COMMON_BLOCKS = YES;
				GCC_WARN_64_TO_32_BIT_CONVERSION = YES;
				GCC_WARN_ABOUT_RETURN_TYPE = YES_ERROR;
				GCC_WARN_UNDECLARED_SELECTOR = YES;
				GCC_WARN_UNINITIALIZED_AUTOS = YES_AGGRESSIVE;
				GCC_WARN_UNUSED_FUNCTION = YES;
				GCC_WARN_UNUSED_VARIABLE = YES;
				MACOSX_DEPLOYMENT_TARGET = 10.14;
				MTL_ENABLE_DEBUG_INFO = NO;
				MTL_FAST_MATH = YES;
				SDKROOT = macosx;
				SWIFT_COMPILATION_MODE = wholemodule;
				SWIFT_OPTIMIZATION_LEVEL = "-O";
			};
			name = Release;
		};
		FBAC437F256199E200599F45 /* Debug */ = {
			isa = XCBuildConfiguration;
			baseConfigurationReference = 1A35313FBB541D53E1639D99 /* Pods-crackme.debug.xcconfig */;
			buildSettings = {
				ASSETCATALOG_COMPILER_APPICON_NAME = AppIcon;
				CODE_SIGN_ENTITLEMENTS = crackme/crackme.entitlements;
				CODE_SIGN_STYLE = Automatic;
				COMBINE_HIDPI_IMAGES = YES;
				INFOPLIST_FILE = crackme/Info.plist;
				LD_RUNPATH_SEARCH_PATHS = (
					"$(inherited)",
					"@executable_path/../Frameworks",
				);
				PRODUCT_BUNDLE_IDENTIFIER = top.km7.crackme;
				PRODUCT_NAME = "$(TARGET_NAME)";
				SWIFT_VERSION = 5.0;
			};
			name = Debug;
		};
		FBAC4380256199E200599F45 /* Release */ = {
			isa = XCBuildConfiguration;
			baseConfigurationReference = A39647A9AE42770757DC4ECC /* Pods-crackme.release.xcconfig */;
			buildSettings = {
				ASSETCATALOG_COMPILER_APPICON_NAME = AppIcon;
				CODE_SIGN_ENTITLEMENTS = crackme/crackme.entitlements;
				CODE_SIGN_STYLE = Automatic;
				COMBINE_HIDPI_IMAGES = YES;
				INFOPLIST_FILE = crackme/Info.plist;
				LD_RUNPATH_SEARCH_PATHS = (
					"$(inherited)",
					"@executable_path/../Frameworks",
				);
				PRODUCT_BUNDLE_IDENTIFIER = top.km7.crackme;
				PRODUCT_NAME = "$(TARGET_NAME)";
				SWIFT_VERSION = 5.0;
			};
			name = Release;
		};
/* End XCBuildConfiguration section */

/* Begin XCConfigurationList section */
		FBAC4369256199E100599F45 /* Build configuration list for PBXProject "crackme" */ = {
			isa = XCConfigurationList;
			buildConfigurations = (
				FBAC437C256199E200599F45 /* Debug */,
				FBAC437D256199E200599F45 /* Release */,
			);
			defaultConfigurationIsVisible = 0;
			defaultConfigurationName = Release;
		};
		FBAC437E256199E200599F45 /* Build configuration list for PBXNativeTarget "crackme" */ = {
			isa = XCConfigurationList;
			buildConfigurations = (
				FBAC437F256199E200599F45 /* Debug */,
				FBAC4380256199E200599F45 /* Release */,
			);
			defaultConfigurationIsVisible = 0;
			defaultConfigurationName = Release;
		};
/* End XCConfigurationList section */
	};
	rootObject = FBAC4366256199E100599F45 /* Project object */;
}
